uuid: 633afd93-7e5c-4a27-ba63-d7f7bfc5f345
langcode: es
status: true
dependencies:
  module:
    - commerce_order
_core:
  default_config_hash: ng8Uf3QSG-ylkOmr0Q3KTBqUh4rf0cswHb5W6Ca7tD4
id: commerce_order_unlock
label: 'Desbloquear pedido'
type: commerce_order
plugin: commerce_order_unlock
configuration: {  }
